// !$*UTF8*$!
{
	archiveVersion = 1;
	classes = {
	};
	objectVersion = 50;
	objects = {

/* Begin PBXBuildFile section */
		84659072243A93380045C8E6 /* AppDelegate.swift in Sources */ = {isa = PBXBuildFile; fileRef = 84659071243A93380045C8E6 /* AppDelegate.swift */; };
		84659074243A93380045C8E6 /* SceneDelegate.swift in Sources */ = {isa = PBXBuildFile; fileRef = 84659073243A93380045C8E6 /* SceneDelegate.swift */; };
		84659079243A93380045C8E6 /* Main.storyboard in Resources */ = {isa = PBXBuildFile; fileRef = 84659077243A93380045C8E6 /* Main.storyboard */; };
		8465907B243A93390045C8E6 /* Assets.xcassets in Resources */ = {isa = PBXBuildFile; fileRef = 8465907A243A93390045C8E6 /* Assets.xcassets */; };
		8465907E243A93390045C8E6 /* LaunchScreen.storyboard in Resources */ = {isa = PBXBuildFile; fileRef = 8465907C243A93390045C8E6 /* LaunchScreen.storyboard */; };
		846FF9AF24524C7700FBDC46 /* ConnectionController.swift in Sources */ = {isa = PBXBuildFile; fileRef = 846FF9AE24524C7700FBDC46 /* ConnectionController.swift */; };
		846FF9B124524E7400FBDC46 /* ConnectionControllerCell.swift in Sources */ = {isa = PBXBuildFile; fileRef = 846FF9B024524E7400FBDC46 /* ConnectionControllerCell.swift */; };
		846FF9B324524F7C00FBDC46 /* ConnectCandidate.swift in Sources */ = {isa = PBXBuildFile; fileRef = 846FF9B224524F7C00FBDC46 /* ConnectCandidate.swift */; };
		846FF9B5245266CD00FBDC46 /* RemoteController.swift in Sources */ = {isa = PBXBuildFile; fileRef = 846FF9B4245266CD00FBDC46 /* RemoteController.swift */; };
		84758466244DC9B500069F06 /* TransferService.swift in Sources */ = {isa = PBXBuildFile; fileRef = 84758465244DC9B500069F06 /* TransferService.swift */; };
		8479921626FD29AC000B79E0 /* Helpers.swift in Sources */ = {isa = PBXBuildFile; fileRef = 8479921526FD29AC000B79E0 /* Helpers.swift */; };
		84B7BC0626F94F2D00F7D0B5 /* BluetoothManager.swift in Sources */ = {isa = PBXBuildFile; fileRef = 84B7BC0526F94F2D00F7D0B5 /* BluetoothManager.swift */; };
/* End PBXBuildFile section */

/* Begin PBXFileReference section */
		8465906E243A93380045C8E6 /* SidePad.app */ = {isa = PBXFileReference; explicitFileType = wrapper.application; includeInIndex = 0; path = SidePad.app; sourceTree = BUILT_PRODUCTS_DIR; };
		84659071243A93380045C8E6 /* AppDelegate.swift */ = {isa = PBXFileReference; lastKnownFileType = sourcecode.swift; path = AppDelegate.swift; sourceTree = "<group>"; };
		84659073243A93380045C8E6 /* SceneDelegate.swift */ = {isa = PBXFileReference; lastKnownFileType = sourcecode.swift; path = SceneDelegate.swift; sourceTree = "<group>"; };
		84659078243A93380045C8E6 /* Base */ = {isa = PBXFileReference; lastKnownFileType = file.storyboard; name = Base; path = Base.lproj/Main.storyboard; sourceTree = "<group>"; };
		8465907A243A93390045C8E6 /* Assets.xcassets */ = {isa = PBXFileReference; lastKnownFileType = folder.assetcatalog; path = Assets.xcassets; sourceTree = "<group>"; };
		8465907D243A93390045C8E6 /* Base */ = {isa = PBXFileReference; lastKnownFileType = file.storyboard; name = Base; path = Base.lproj/LaunchScreen.storyboard; sourceTree = "<group>"; };
		8465907F243A93390045C8E6 /* Info.plist */ = {isa = PBXFileReference; lastKnownFileType = text.plist.xml; path = Info.plist; sourceTree = "<group>"; };
		846FF9AE24524C7700FBDC46 /* ConnectionController.swift */ = {isa = PBXFileReference; lastKnownFileType = sourcecode.swift; path = ConnectionController.swift; sourceTree = "<group>"; };
		846FF9B024524E7400FBDC46 /* ConnectionControllerCell.swift */ = {isa = PBXFileReference; lastKnownFileType = sourcecode.swift; path = ConnectionControllerCell.swift; sourceTree = "<group>"; };
		846FF9B224524F7C00FBDC46 /* ConnectCandidate.swift */ = {isa = PBXFileReference; lastKnownFileType = sourcecode.swift; path = ConnectCandidate.swift; sourceTree = "<group>"; };
		846FF9B4245266CD00FBDC46 /* RemoteController.swift */ = {isa = PBXFileReference; lastKnownFileType = sourcecode.swift; path = RemoteController.swift; sourceTree = "<group>"; };
		84758465244DC9B500069F06 /* TransferService.swift */ = {isa = PBXFileReference; lastKnownFileType = sourcecode.swift; path = TransferService.swift; sourceTree = "<group>"; };
		8479921526FD29AC000B79E0 /* Helpers.swift */ = {isa = PBXFileReference; lastKnownFileType = sourcecode.swift; path = Helpers.swift; sourceTree = "<group>"; };
		84B7BC0526F94F2D00F7D0B5 /* BluetoothManager.swift */ = {isa = PBXFileReference; lastKnownFileType = sourcecode.swift; path = BluetoothManager.swift; sourceTree = "<group>"; };
/* End PBXFileReference section */

/* Begin PBXFrameworksBuildPhase section */
		8465906B243A93380045C8E6 /* Frameworks */ = {
			isa = PBXFrameworksBuildPhase;
			buildActionMask = 2147483647;
			files = (
			);
			runOnlyForDeploymentPostprocessing = 0;
		};
/* End PBXFrameworksBuildPhase section */

/* Begin PBXGroup section */
		84659065243A93380045C8E6 = {
			isa = PBXGroup;
			children = (
				84659070243A93380045C8E6 /* SidePad */,
				8465906F243A93380045C8E6 /* Products */,
			);
			sourceTree = "<group>";
		};
		8465906F243A93380045C8E6 /* Products */ = {
			isa = PBXGroup;
			children = (
				8465906E243A93380045C8E6 /* SidePad.app */,
			);
			name = Products;
			sourceTree = "<group>";
		};
		84659070243A93380045C8E6 /* SidePad */ = {
			isa = PBXGroup;
			children = (
				846FF9AE24524C7700FBDC46 /* ConnectionController.swift */,
				846FF9B024524E7400FBDC46 /* ConnectionControllerCell.swift */,
				846FF9B224524F7C00FBDC46 /* ConnectCandidate.swift */,
				846FF9B4245266CD00FBDC46 /* RemoteController.swift */,
				84659077243A93380045C8E6 /* Main.storyboard */,
				84659071243A93380045C8E6 /* AppDelegate.swift */,
				84659073243A93380045C8E6 /* SceneDelegate.swift */,
				84758465244DC9B500069F06 /* TransferService.swift */,
				8465907A243A93390045C8E6 /* Assets.xcassets */,
				8465907C243A93390045C8E6 /* LaunchScreen.storyboard */,
				8465907F243A93390045C8E6 /* Info.plist */,
				84B7BC0526F94F2D00F7D0B5 /* BluetoothManager.swift */,
				8479921526FD29AC000B79E0 /* Helpers.swift */,
			);
			path = SidePad;
			sourceTree = "<group>";
		};
/* End PBXGroup section */

/* Begin PBXNativeTarget section */
		8465906D243A93380045C8E6 /* SidePad */ = {
			isa = PBXNativeTarget;
			buildConfigurationList = 84659082243A93390045C8E6 /* Build configuration list for PBXNativeTarget "SidePad" */;
			buildPhases = (
				8465906A243A93380045C8E6 /* Sources */,
				8465906B243A93380045C8E6 /* Frameworks */,
				8465906C243A93380045C8E6 /* Resources */,
			);
			buildRules = (
			);
			dependencies = (
			);
			name = SidePad;
			productName = SidePad;
			productReference = 8465906E243A93380045C8E6 /* SidePad.app */;
			productType = "com.apple.product-type.application";
		};
/* End PBXNativeTarget section */

/* Begin PBXProject section */
		84659066243A93380045C8E6 /* Project object */ = {
			isa = PBXProject;
			attributes = {
				LastSwiftUpdateCheck = 1120;
				LastUpgradeCheck = 1120;
				ORGANIZATIONNAME = "Роман Гах";
				TargetAttributes = {
					8465906D243A93380045C8E6 = {
						CreatedOnToolsVersion = 11.2.1;
					};
				};
			};
			buildConfigurationList = 84659069243A93380045C8E6 /* Build configuration list for PBXProject "SidePad" */;
			compatibilityVersion = "Xcode 9.3";
			developmentRegion = en;
			hasScannedForEncodings = 0;
			knownRegions = (
				en,
				Base,
			);
			mainGroup = 84659065243A93380045C8E6;
			productRefGroup = 8465906F243A93380045C8E6 /* Products */;
			projectDirPath = "";
			projectRoot = "";
			targets = (
				8465906D243A93380045C8E6 /* SidePad */,
			);
		};
/* End PBXProject section */

/* Begin PBXResourcesBuildPhase section */
		8465906C243A93380045C8E6 /* Resources */ = {
			isa = PBXResourcesBuildPhase;
			buildActionMask = 2147483647;
			files = (
				8465907E243A93390045C8E6 /* LaunchScreen.storyboard in Resources */,
				8465907B243A93390045C8E6 /* Assets.xcassets in Resources */,
				84659079243A93380045C8E6 /* Main.storyboard in Resources */,
			);
			runOnlyForDeploymentPostprocessing = 0;
		};
/* End PBXResourcesBuildPhase section */

/* Begin PBXSourcesBuildPhase section */
		8465906A243A93380045C8E6 /* Sources */ = {
			isa = PBXSourcesBuildPhase;
			buildActionMask = 2147483647;
			files = (
				846FF9B5245266CD00FBDC46 /* RemoteController.swift in Sources */,
				84758466244DC9B500069F06 /* TransferService.swift in Sources */,
				84B7BC0626F94F2D00F7D0B5 /* BluetoothManager.swift in Sources */,
				846FF9B324524F7C00FBDC46 /* ConnectCandidate.swift in Sources */,
				8479921626FD29AC000B79E0 /* Helpers.swift in Sources */,
				846FF9AF24524C7700FBDC46 /* ConnectionController.swift in Sources */,
				846FF9B124524E7400FBDC46 /* ConnectionControllerCell.swift in Sources */,
				84659072243A93380045C8E6 /* AppDelegate.swift in Sources */,
				84659074243A93380045C8E6 /* SceneDelegate.swift in Sources */,
			);
			runOnlyForDeploymentPostprocessing = 0;
		};
/* End PBXSourcesBuildPhase section */

/* Begin PBXVariantGroup section */
		84659077243A93380045C8E6 /* Main.storyboard */ = {
			isa = PBXVariantGroup;
			children = (
				84659078243A93380045C8E6 /* Base */,
			);
			name = Main.storyboard;
			sourceTree = "<group>";
		};
		8465907C243A93390045C8E6 /* LaunchScreen.storyboard */ = {
			isa = PBXVariantGroup;
			children = (
				8465907D243A93390045C8E6 /* Base */,
			);
			name = LaunchScreen.storyboard;
			sourceTree = "<group>";
		};
/* End PBXVariantGroup section */

/* Begin XCBuildConfiguration section */
		84659080243A93390045C8E6 /* Debug */ = {
			isa = XCBuildConfiguration;
			buildSettings = {
				ALWAYS_SEARCH_USER_PATHS = NO;
				CLANG_ANALYZER_NONNULL = YES;
				CLANG_ANALYZER_NUMBER_OBJECT_CONVERSION = YES_AGGRESSIVE;
				CLANG_CXX_LANGUAGE_STANDARD = "gnu++14";
				CLANG_CXX_LIBRARY = "libc++";
				CLANG_ENABLE_MODULES = YES;
				CLANG_ENABLE_OBJC_ARC = YES;
				CLANG_ENABLE_OBJC_WEAK = YES;
				CLANG_WARN_BLOCK_CAPTURE_AUTORELEASING = YES;
				CLANG_WARN_BOOL_CONVERSION = YES;
				CLANG_WARN_COMMA = YES;
				CLANG_WARN_CONSTANT_CONVERSION = YES;
				CLANG_WARN_DEPRECATED_OBJC_IMPLEMENTATIONS = YES;
				CLANG_WARN_DIRECT_OBJC_ISA_USAGE = YES_ERROR;
				CLANG_WARN_DOCUMENTATION_COMMENTS = YES;
				CLANG_WARN_EMPTY_BODY = YES;
				CLANG_WARN_ENUM_CONVERSION = YES;
				CLANG_WARN_INFINITE_RECURSION = YES;
				CLANG_WARN_INT_CONVERSION = YES;
				CLANG_WARN_NON_LITERAL_NULL_CONVERSION = YES;
				CLANG_WARN_OBJC_IMPLICIT_RETAIN_SELF = YES;
				CLANG_WARN_OBJC_LITERAL_CONVERSION = YES;
				CLANG_WARN_OBJC_ROOT_CLASS = YES_ERROR;
				CLANG_WARN_RANGE_LOOP_ANALYSIS = YES;
				CLANG_WARN_STRICT_PROTOTYPES = YES;
				CLANG_WARN_SUSPICIOUS_MOVE = YES;
				CLANG_WARN_UNGUARDED_AVAILABILITY = YES_AGGRESSIVE;
				CLANG_WARN_UNREACHABLE_CODE = YES;
				CLANG_WARN__DUPLICATE_METHOD_MATCH = YES;
				COPY_PHASE_STRIP = NO;
				DEBUG_INFORMATION_FORMAT = dwarf;
				ENABLE_STRICT_OBJC_MSGSEND = YES;
				ENABLE_TESTABILITY = YES;
				GCC_C_LANGUAGE_STANDARD = gnu11;
				GCC_DYNAMIC_NO_PIC = NO;
				GCC_NO_COMMON_BLOCKS = YES;
				GCC_OPTIMIZATION_LEVEL = 0;
				GCC_PREPROCESSOR_DEFINITIONS = (
					"DEBUG=1",
					"$(inherited)",
				);
				GCC_WARN_64_TO_32_BIT_CONVERSION = YES;
				GCC_WARN_ABOUT_RETURN_TYPE = YES_ERROR;
				GCC_WARN_UNDECLARED_SELECTOR = YES;
				GCC_WARN_UNINITIALIZED_AUTOS = YES_AGGRESSIVE;
				GCC_WARN_UNUSED_FUNCTION = YES;
				GCC_WARN_UNUSED_VARIABLE = YES;
				IPHONEOS_DEPLOYMENT_TARGET = 13.2;
				MTL_ENABLE_DEBUG_INFO = INCLUDE_SOURCE;
				MTL_FAST_MATH = YES;
				ONLY_ACTIVE_ARCH = YES;
				SDKROOT = iphoneos;
				SWIFT_ACTIVE_COMPILATION_CONDITIONS = DEBUG;
				SWIFT_OPTIMIZATION_LEVEL = "-Onone";
			};
			name = Debug;
		};
		84659081243A93390045C8E6 /* Release */ = {
			isa = XCBuildConfiguration;
			buildSettings = {
				ALWAYS_SEARCH_USER_PATHS = NO;
				CLANG_ANALYZER_NONNULL = YES;
				CLANG_ANALYZER_NUMBER_OBJECT_CONVERSION = YES_AGGRESSIVE;
				CLANG_CXX_LANGUAGE_STANDARD = "gnu++14";
				CLANG_CXX_LIBRARY = "libc++";
				CLANG_ENABLE_MODULES = YES;
				CLANG_ENABLE_OBJC_ARC = YES;
				CLANG_ENABLE_OBJC_WEAK = YES;
				CLANG_WARN_BLOCK_CAPTURE_AUTORELEASING = YES;
				CLANG_WARN_BOOL_CONVERSION = YES;
				CLANG_WARN_COMMA = YES;
				CLANG_WARN_CONSTANT_CONVERSION = YES;
				CLANG_WARN_DEPRECATED_OBJC_IMPLEMENTATIONS = YES;
				CLANG_WARN_DIRECT_OBJC_ISA_USAGE = YES_ERROR;
				CLANG_WARN_DOCUMENTATION_COMMENTS = YES;
				CLANG_WARN_EMPTY_BODY = YES;
				CLANG_WARN_ENUM_CONVERSION = YES;
				CLANG_WARN_INFINITE_RECURSION = YES;
				CLANG_WARN_INT_CONVERSION = YES;
				CLANG_WARN_NON_LITERAL_NULL_CONVERSION = YES;
				CLANG_WARN_OBJC_IMPLICIT_RETAIN_SELF = YES;
				CLANG_WARN_OBJC_LITERAL_CONVERSION = YES;
				CLANG_WARN_OBJC_ROOT_CLASS = YES_ERROR;
				CLANG_WARN_RANGE_LOOP_ANALYSIS = YES;
				CLANG_WARN_STRICT_PROTOTYPES = YES;
				CLANG_WARN_SUSPICIOUS_MOVE = YES;
				CLANG_WARN_UNGUARDED_AVAILABILITY = YES_AGGRESSIVE;
				CLANG_WARN_UNREACHABLE_CODE = YES;
				CLANG_WARN__DUPLICATE_METHOD_MATCH = YES;
				COPY_PHASE_STRIP = NO;
				DEBUG_INFORMATION_FORMAT = "dwarf-with-dsym";
				ENABLE_NS_ASSERTIONS = NO;
				ENABLE_STRICT_OBJC_MSGSEND = YES;
				GCC_C_LANGUAGE_STANDARD = gnu11;
				GCC_NO_COMMON_BLOCKS = YES;
				GCC_WARN_64_TO_32_BIT_CONVERSION = YES;
				GCC_WARN_ABOUT_RETURN_TYPE = YES_ERROR;
				GCC_WARN_UNDECLARED_SELECTOR = YES;
				GCC_WARN_UNINITIALIZED_AUTOS = YES_AGGRESSIVE;
				GCC_WARN_UNUSED_FUNCTION = YES;
				GCC_WARN_UNUSED_VARIABLE = YES;
				IPHONEOS_DEPLOYMENT_TARGET = 13.2;
				MTL_ENABLE_DEBUG_INFO = NO;
				MTL_FAST_MATH = YES;
				SDKROOT = iphoneos;
				SWIFT_COMPILATION_MODE = wholemodule;
				SWIFT_OPTIMIZATION_LEVEL = "-O";
				VALIDATE_PRODUCT = YES;
			};
			name = Release;
		};
		84659083243A93390045C8E6 /* Debug */ = {
			isa = XCBuildConfiguration;
			buildSettings = {
				ASSETCATALOG_COMPILER_APPICON_NAME = AppIcon;
				CODE_SIGN_STYLE = Automatic;
				DEVELOPMENT_TEAM = UCK9XA9P4C;
				INFOPLIST_FILE = SidePad/Info.plist;
				LD_RUNPATH_SEARCH_PATHS = (
					"$(inherited)",
					"@executable_path/Frameworks",
				);
				PRODUCT_BUNDLE_IDENTIFIER = com.rhakh.SidePad;
				PRODUCT_NAME = "$(TARGET_NAME)";
				SWIFT_VERSION = 5.0;
				TARGETED_DEVICE_FAMILY = "1,2";
			};
			name = Debug;
		};
		84659084243A93390045C8E6 /* Release */ = {
			isa = XCBuildConfiguration;
			buildSettings = {
				ASSETCATALOG_COMPILER_APPICON_NAME = AppIcon;
				CODE_SIGN_STYLE = Automatic;
				DEVELOPMENT_TEAM = UCK9XA9P4C;
				INFOPLIST_FILE = SidePad/Info.plist;
				LD_RUNPATH_SEARCH_PATHS = (
					"$(inherited)",
					"@executable_path/Frameworks",
				);
				PRODUCT_BUNDLE_IDENTIFIER = com.rhakh.SidePad;
				PRODUCT_NAME = "$(TARGET_NAME)";
				SWIFT_VERSION = 5.0;
				TARGETED_DEVICE_FAMILY = "1,2";
			};
			name = Release;
		};
/* End XCBuildConfiguration section */

/* Begin XCConfigurationList section */
		84659069243A93380045C8E6 /* Build configuration list for PBXProject "SidePad" */ = {
			isa = XCConfigurationList;
			buildConfigurations = (
				84659080243A93390045C8E6 /* Debug */,
				84659081243A93390045C8E6 /* Release */,
			);
			defaultConfigurationIsVisible = 0;
			defaultConfigurationName = Release;
		};
		84659082243A93390045C8E6 /* Build configuration list for PBXNativeTarget "SidePad" */ = {
			isa = XCConfigurationList;
			buildConfigurations = (
				84659083243A93390045C8E6 /* Debug */,
				84659084243A93390045C8E6 /* Release */,
			);
			defaultConfigurationIsVisible = 0;
			defaultConfigurationName = Release;
		};
/* End XCConfigurationList section */
	};
	rootObject = 84659066243A93380045C8E6 /* Project object */;
}
