// !$*UTF8*$!
{
	archiveVersion = 1;
	classes = {
	};
	objectVersion = 50;
	objects = {

/* Begin PBXBuildFile section */
		84407F78244518160083F2DA /* AppDelegate.swift in Sources */ = {isa = PBXBuildFile; fileRef = 84407F77244518160083F2DA /* AppDelegate.swift */; };
		84407F7C244518180083F2DA /* Assets.xcassets in Resources */ = {isa = PBXBuildFile; fileRef = 84407F7B244518180083F2DA /* Assets.xcassets */; };
		84407F7F244518180083F2DA /* Main.storyboard in Resources */ = {isa = PBXBuildFile; fileRef = 84407F7D244518180083F2DA /* Main.storyboard */; };
		84758464244CECAA00069F06 /* TransferService.swift in Sources */ = {isa = PBXBuildFile; fileRef = 84758463244CECAA00069F06 /* TransferService.swift */; };
		8479921826FD2F07000B79E0 /* Helpers.swift in Sources */ = {isa = PBXBuildFile; fileRef = 8479921726FD2F07000B79E0 /* Helpers.swift */; };
		84F5689C2454AF8500DCCA4A /* ConnectionController.swift in Sources */ = {isa = PBXBuildFile; fileRef = 84F5689B2454AF8500DCCA4A /* ConnectionController.swift */; };
		84F5689E2454E51100DCCA4A /* RemoteManager.swift in Sources */ = {isa = PBXBuildFile; fileRef = 84F5689D2454E51100DCCA4A /* RemoteManager.swift */; };
/* End PBXBuildFile section */

/* Begin PBXFileReference section */
		84407F74244518160083F2DA /* SidePad Server.app */ = {isa = PBXFileReference; explicitFileType = wrapper.application; includeInIndex = 0; path = "SidePad Server.app"; sourceTree = BUILT_PRODUCTS_DIR; };
		84407F77244518160083F2DA /* AppDelegate.swift */ = {isa = PBXFileReference; lastKnownFileType = sourcecode.swift; path = AppDelegate.swift; sourceTree = "<group>"; };
		84407F7B244518180083F2DA /* Assets.xcassets */ = {isa = PBXFileReference; lastKnownFileType = folder.assetcatalog; path = Assets.xcassets; sourceTree = "<group>"; };
		84407F7E244518180083F2DA /* Base */ = {isa = PBXFileReference; lastKnownFileType = file.storyboard; name = Base; path = Base.lproj/Main.storyboard; sourceTree = "<group>"; };
		84407F80244518180083F2DA /* Info.plist */ = {isa = PBXFileReference; lastKnownFileType = text.plist.xml; path = Info.plist; sourceTree = "<group>"; };
		84407F81244518180083F2DA /* SidePad_Server.entitlements */ = {isa = PBXFileReference; lastKnownFileType = text.plist.entitlements; path = SidePad_Server.entitlements; sourceTree = "<group>"; };
		84758463244CECAA00069F06 /* TransferService.swift */ = {isa = PBXFileReference; lastKnownFileType = sourcecode.swift; path = TransferService.swift; sourceTree = "<group>"; };
		8479921726FD2F07000B79E0 /* Helpers.swift */ = {isa = PBXFileReference; lastKnownFileType = sourcecode.swift; path = Helpers.swift; sourceTree = "<group>"; };
		84F5689B2454AF8500DCCA4A /* ConnectionController.swift */ = {isa = PBXFileReference; lastKnownFileType = sourcecode.swift; path = ConnectionController.swift; sourceTree = "<group>"; };
		84F5689D2454E51100DCCA4A /* RemoteManager.swift */ = {isa = PBXFileReference; lastKnownFileType = sourcecode.swift; path = RemoteManager.swift; sourceTree = "<group>"; };
/* End PBXFileReference section */

/* Begin PBXFrameworksBuildPhase section */
		84407F71244518160083F2DA /* Frameworks */ = {
			isa = PBXFrameworksBuildPhase;
			buildActionMask = 2147483647;
			files = (
			);
			runOnlyForDeploymentPostprocessing = 0;
		};
/* End PBXFrameworksBuildPhase section */

/* Begin PBXGroup section */
		84407F6B244518160083F2DA = {
			isa = PBXGroup;
			children = (
				84407F76244518160083F2DA /* SidePad Server */,
				84407F75244518160083F2DA /* Products */,
			);
			sourceTree = "<group>";
		};
		84407F75244518160083F2DA /* Products */ = {
			isa = PBXGroup;
			children = (
				84407F74244518160083F2DA /* SidePad Server.app */,
			);
			name = Products;
			sourceTree = "<group>";
		};
		84407F76244518160083F2DA /* SidePad Server */ = {
			isa = PBXGroup;
			children = (
				84F5689B2454AF8500DCCA4A /* ConnectionController.swift */,
				84F5689D2454E51100DCCA4A /* RemoteManager.swift */,
				84407F77244518160083F2DA /* AppDelegate.swift */,
				84758463244CECAA00069F06 /* TransferService.swift */,
				84407F7B244518180083F2DA /* Assets.xcassets */,
				84407F7D244518180083F2DA /* Main.storyboard */,
				84407F80244518180083F2DA /* Info.plist */,
				84407F81244518180083F2DA /* SidePad_Server.entitlements */,
				8479921726FD2F07000B79E0 /* Helpers.swift */,
			);
			path = "SidePad Server";
			sourceTree = "<group>";
		};
/* End PBXGroup section */

/* Begin PBXNativeTarget section */
		84407F73244518160083F2DA /* SidePad Server */ = {
			isa = PBXNativeTarget;
			buildConfigurationList = 84407F84244518180083F2DA /* Build configuration list for PBXNativeTarget "SidePad Server" */;
			buildPhases = (
				84407F70244518160083F2DA /* Sources */,
				84407F71244518160083F2DA /* Frameworks */,
				84407F72244518160083F2DA /* Resources */,
			);
			buildRules = (
			);
			dependencies = (
			);
			name = "SidePad Server";
			productName = "SidePad Server";
			productReference = 84407F74244518160083F2DA /* SidePad Server.app */;
			productType = "com.apple.product-type.application";
		};
/* End PBXNativeTarget section */

/* Begin PBXProject section */
		84407F6C244518160083F2DA /* Project object */ = {
			isa = PBXProject;
			attributes = {
				LastSwiftUpdateCheck = 1120;
				LastUpgradeCheck = 1120;
				ORGANIZATIONNAME = "Роман Гах";
				TargetAttributes = {
					84407F73244518160083F2DA = {
						CreatedOnToolsVersion = 11.2.1;
					};
				};
			};
			buildConfigurationList = 84407F6F244518160083F2DA /* Build configuration list for PBXProject "SidePad Server" */;
			compatibilityVersion = "Xcode 9.3";
			developmentRegion = en;
			hasScannedForEncodings = 0;
			knownRegions = (
				en,
				Base,
			);
			mainGroup = 84407F6B244518160083F2DA;
			productRefGroup = 84407F75244518160083F2DA /* Products */;
			projectDirPath = "";
			projectRoot = "";
			targets = (
				84407F73244518160083F2DA /* SidePad Server */,
			);
		};
/* End PBXProject section */

/* Begin PBXResourcesBuildPhase section */
		84407F72244518160083F2DA /* Resources */ = {
			isa = PBXResourcesBuildPhase;
			buildActionMask = 2147483647;
			files = (
				84407F7C244518180083F2DA /* Assets.xcassets in Resources */,
				84407F7F244518180083F2DA /* Main.storyboard in Resources */,
			);
			runOnlyForDeploymentPostprocessing = 0;
		};
/* End PBXResourcesBuildPhase section */

/* Begin PBXSourcesBuildPhase section */
		84407F70244518160083F2DA /* Sources */ = {
			isa = PBXSourcesBuildPhase;
			buildActionMask = 2147483647;
			files = (
				84758464244CECAA00069F06 /* TransferService.swift in Sources */,
				84F5689E2454E51100DCCA4A /* RemoteManager.swift in Sources */,
				84F5689C2454AF8500DCCA4A /* ConnectionController.swift in Sources */,
				8479921826FD2F07000B79E0 /* Helpers.swift in Sources */,
				84407F78244518160083F2DA /* AppDelegate.swift in Sources */,
			);
			runOnlyForDeploymentPostprocessing = 0;
		};
/* End PBXSourcesBuildPhase section */

/* Begin PBXVariantGroup section */
		84407F7D244518180083F2DA /* Main.storyboard */ = {
			isa = PBXVariantGroup;
			children = (
				84407F7E244518180083F2DA /* Base */,
			);
			name = Main.storyboard;
			sourceTree = "<group>";
		};
/* End PBXVariantGroup section */

/* Begin XCBuildConfiguration section */
		84407F82244518180083F2DA /* Debug */ = {
			isa = XCBuildConfiguration;
			buildSettings = {
				ALWAYS_SEARCH_USER_PATHS = NO;
				CLANG_ANALYZER_NONNULL = YES;
				CLANG_ANALYZER_NUMBER_OBJECT_CONVERSION = YES_AGGRESSIVE;
				CLANG_CXX_LANGUAGE_STANDARD = "gnu++14";
				CLANG_CXX_LIBRARY = "libc++";
				CLANG_ENABLE_MODULES = YES;
				CLANG_ENABLE_OBJC_ARC = YES;
				CLANG_ENABLE_OBJC_WEAK = YES;
				CLANG_WARN_BLOCK_CAPTURE_AUTORELEASING = YES;
				CLANG_WARN_BOOL_CONVERSION = YES;
				CLANG_WARN_COMMA = YES;
				CLANG_WARN_CONSTANT_CONVERSION = YES;
				CLANG_WARN_DEPRECATED_OBJC_IMPLEMENTATIONS = YES;
				CLANG_WARN_DIRECT_OBJC_ISA_USAGE = YES_ERROR;
				CLANG_WARN_DOCUMENTATION_COMMENTS = YES;
				CLANG_WARN_EMPTY_BODY = YES;
				CLANG_WARN_ENUM_CONVERSION = YES;
				CLANG_WARN_INFINITE_RECURSION = YES;
				CLANG_WARN_INT_CONVERSION = YES;
				CLANG_WARN_NON_LITERAL_NULL_CONVERSION = YES;
				CLANG_WARN_OBJC_IMPLICIT_RETAIN_SELF = YES;
				CLANG_WARN_OBJC_LITERAL_CONVERSION = YES;
				CLANG_WARN_OBJC_ROOT_CLASS = YES_ERROR;
				CLANG_WARN_RANGE_LOOP_ANALYSIS = YES;
				CLANG_WARN_STRICT_PROTOTYPES = YES;
				CLANG_WARN_SUSPICIOUS_MOVE = YES;
				CLANG_WARN_UNGUARDED_AVAILABILITY = YES_AGGRESSIVE;
				CLANG_WARN_UNREACHABLE_CODE = YES;
				CLANG_WARN__DUPLICATE_METHOD_MATCH = YES;
				COPY_PHASE_STRIP = NO;
				DEBUG_INFORMATION_FORMAT = dwarf;
				ENABLE_STRICT_OBJC_MSGSEND = YES;
				ENABLE_TESTABILITY = YES;
				GCC_C_LANGUAGE_STANDARD = gnu11;
				GCC_DYNAMIC_NO_PIC = NO;
				GCC_NO_COMMON_BLOCKS = YES;
				GCC_OPTIMIZATION_LEVEL = 0;
				GCC_PREPROCESSOR_DEFINITIONS = (
					"DEBUG=1",
					"$(inherited)",
				);
				GCC_WARN_64_TO_32_BIT_CONVERSION = YES;
				GCC_WARN_ABOUT_RETURN_TYPE = YES_ERROR;
				GCC_WARN_UNDECLARED_SELECTOR = YES;
				GCC_WARN_UNINITIALIZED_AUTOS = YES_AGGRESSIVE;
				GCC_WARN_UNUSED_FUNCTION = YES;
				GCC_WARN_UNUSED_VARIABLE = YES;
				MACOSX_DEPLOYMENT_TARGET = 10.15;
				MTL_ENABLE_DEBUG_INFO = INCLUDE_SOURCE;
				MTL_FAST_MATH = YES;
				ONLY_ACTIVE_ARCH = YES;
				SDKROOT = macosx;
				SWIFT_ACTIVE_COMPILATION_CONDITIONS = DEBUG;
				SWIFT_OPTIMIZATION_LEVEL = "-Onone";
			};
			name = Debug;
		};
		84407F83244518180083F2DA /* Release */ = {
			isa = XCBuildConfiguration;
			buildSettings = {
				ALWAYS_SEARCH_USER_PATHS = NO;
				CLANG_ANALYZER_NONNULL = YES;
				CLANG_ANALYZER_NUMBER_OBJECT_CONVERSION = YES_AGGRESSIVE;
				CLANG_CXX_LANGUAGE_STANDARD = "gnu++14";
				CLANG_CXX_LIBRARY = "libc++";
				CLANG_ENABLE_MODULES = YES;
				CLANG_ENABLE_OBJC_ARC = YES;
				CLANG_ENABLE_OBJC_WEAK = YES;
				CLANG_WARN_BLOCK_CAPTURE_AUTORELEASING = YES;
				CLANG_WARN_BOOL_CONVERSION = YES;
				CLANG_WARN_COMMA = YES;
				CLANG_WARN_CONSTANT_CONVERSION = YES;
				CLANG_WARN_DEPRECATED_OBJC_IMPLEMENTATIONS = YES;
				CLANG_WARN_DIRECT_OBJC_ISA_USAGE = YES_ERROR;
				CLANG_WARN_DOCUMENTATION_COMMENTS = YES;
				CLANG_WARN_EMPTY_BODY = YES;
				CLANG_WARN_ENUM_CONVERSION = YES;
				CLANG_WARN_INFINITE_RECURSION = YES;
				CLANG_WARN_INT_CONVERSION = YES;
				CLANG_WARN_NON_LITERAL_NULL_CONVERSION = YES;
				CLANG_WARN_OBJC_IMPLICIT_RETAIN_SELF = YES;
				CLANG_WARN_OBJC_LITERAL_CONVERSION = YES;
				CLANG_WARN_OBJC_ROOT_CLASS = YES_ERROR;
				CLANG_WARN_RANGE_LOOP_ANALYSIS = YES;
				CLANG_WARN_STRICT_PROTOTYPES = YES;
				CLANG_WARN_SUSPICIOUS_MOVE = YES;
				CLANG_WARN_UNGUARDED_AVAILABILITY = YES_AGGRESSIVE;
				CLANG_WARN_UNREACHABLE_CODE = YES;
				CLANG_WARN__DUPLICATE_METHOD_MATCH = YES;
				COPY_PHASE_STRIP = NO;
				DEBUG_INFORMATION_FORMAT = "dwarf-with-dsym";
				ENABLE_NS_ASSERTIONS = NO;
				ENABLE_STRICT_OBJC_MSGSEND = YES;
				GCC_C_LANGUAGE_STANDARD = gnu11;
				GCC_NO_COMMON_BLOCKS = YES;
				GCC_WARN_64_TO_32_BIT_CONVERSION = YES;
				GCC_WARN_ABOUT_RETURN_TYPE = YES_ERROR;
				GCC_WARN_UNDECLARED_SELECTOR = YES;
				GCC_WARN_UNINITIALIZED_AUTOS = YES_AGGRESSIVE;
				GCC_WARN_UNUSED_FUNCTION = YES;
				GCC_WARN_UNUSED_VARIABLE = YES;
				MACOSX_DEPLOYMENT_TARGET = 10.15;
				MTL_ENABLE_DEBUG_INFO = NO;
				MTL_FAST_MATH = YES;
				SDKROOT = macosx;
				SWIFT_COMPILATION_MODE = wholemodule;
				SWIFT_OPTIMIZATION_LEVEL = "-O";
			};
			name = Release;
		};
		84407F85244518180083F2DA /* Debug */ = {
			isa = XCBuildConfiguration;
			buildSettings = {
				ASSETCATALOG_COMPILER_APPICON_NAME = AppIcon;
				CODE_SIGN_ENTITLEMENTS = "SidePad Server/SidePad_Server.entitlements";
				CODE_SIGN_IDENTITY = "Apple Development";
				CODE_SIGN_STYLE = Automatic;
				COMBINE_HIDPI_IMAGES = YES;
				DEVELOPMENT_TEAM = UCK9XA9P4C;
				ENABLE_HARDENED_RUNTIME = YES;
				INFOPLIST_FILE = "SidePad Server/Info.plist";
				LD_RUNPATH_SEARCH_PATHS = (
					"$(inherited)",
					"@executable_path/../Frameworks",
				);
				PRODUCT_BUNDLE_IDENTIFIER = "com.rhakh.SidePad-Server";
				PRODUCT_NAME = "$(TARGET_NAME)";
				SWIFT_VERSION = 5.0;
			};
			name = Debug;
		};
		84407F86244518180083F2DA /* Release */ = {
			isa = XCBuildConfiguration;
			buildSettings = {
				ASSETCATALOG_COMPILER_APPICON_NAME = AppIcon;
				CODE_SIGN_ENTITLEMENTS = "SidePad Server/SidePad_Server.entitlements";
				CODE_SIGN_IDENTITY = "Apple Development";
				CODE_SIGN_STYLE = Automatic;
				COMBINE_HIDPI_IMAGES = YES;
				DEVELOPMENT_TEAM = UCK9XA9P4C;
				ENABLE_HARDENED_RUNTIME = YES;
				INFOPLIST_FILE = "SidePad Server/Info.plist";
				LD_RUNPATH_SEARCH_PATHS = (
					"$(inherited)",
					"@executable_path/../Frameworks",
				);
				PRODUCT_BUNDLE_IDENTIFIER = "com.rhakh.SidePad-Server";
				PRODUCT_NAME = "$(TARGET_NAME)";
				SWIFT_VERSION = 5.0;
			};
			name = Release;
		};
/* End XCBuildConfiguration section */

/* Begin XCConfigurationList section */
		84407F6F244518160083F2DA /* Build configuration list for PBXProject "SidePad Server" */ = {
			isa = XCConfigurationList;
			buildConfigurations = (
				84407F82244518180083F2DA /* Debug */,
				84407F83244518180083F2DA /* Release */,
			);
			defaultConfigurationIsVisible = 0;
			defaultConfigurationName = Release;
		};
		84407F84244518180083F2DA /* Build configuration list for PBXNativeTarget "SidePad Server" */ = {
			isa = XCConfigurationList;
			buildConfigurations = (
				84407F85244518180083F2DA /* Debug */,
				84407F86244518180083F2DA /* Release */,
			);
			defaultConfigurationIsVisible = 0;
			defaultConfigurationName = Release;
		};
/* End XCConfigurationList section */
	};
	rootObject = 84407F6C244518160083F2DA /* Project object */;
}
